
Microsoft Visual Studio Solution File, Format Version 12.00
# Visual Studio Version 17
VisualStudioVersion = 17.0.32014.148
MinimumVisualStudioVersion = 10.0.40219.1
Project("{FAE04EC0-301F-11D3-BF4B-00C04F79EFBC}") = "Projeto_TCR", "Projeto_TCR\Projeto_TCR.csproj", "{474FF6D0-E6A9-4CD0-91A7-AE386B18ECC5}"
EndProject
Global
	GlobalSection(SolutionConfigurationPlatforms) = preSolution
		Debug|Any CPU = Debug|Any CPU
		Release|Any CPU = Release|Any CPU
	EndGlobalSection
	GlobalSection(ProjectConfigurationPlatforms) = postSolution
		{474FF6D0-E6A9-4CD0-91A7-AE386B18ECC5}.Debug|Any CPU.ActiveCfg = Debug|Any CPU
		{474FF6D0-E6A9-4CD0-91A7-AE386B18ECC5}.Debug|Any CPU.Build.0 = Debug|Any CPU
		{474FF6D0-E6A9-4CD0-91A7-AE386B18ECC5}.Release|Any CPU.ActiveCfg = Release|Any CPU
		{474FF6D0-E6A9-4CD0-91A7-AE386B18ECC5}.Release|Any CPU.Build.0 = Release|Any CPU
	EndGlobalSection
	GlobalSection(SolutionProperties) = preSolution
		HideSolutionNode = FALSE
	EndGlobalSection
	GlobalSection(ExtensibilityGlobals) = postSolution
		SolutionGuid = {738C637E-E83F-498A-A7BE-465BF44E256D}
	EndGlobalSection
EndGlobal
